{
  "name": "using-peer-dependencies",
  "version": "1.0.0",
  "lockfileVersion": 1,
  "requires": true,
  "dependencies": {
    "@marikaner/test-deps3-core": {
      "version": "1.18.0",
      "resolved": "https://registry.npmjs.org/@marikaner/test-deps3-core/-/test-deps3-core-1.18.0.tgz",
      "integrity": "sha512-E6fI9X4M3pOq45zeQO5A9NTS6YqXMnIRHoB9EQNt5HVahxLTQ3CIASPPtcsRVyCyc3YLPgt0p+LP1YniNUfi/w=="
    },
    "@marikaner/test-peer-deps-vdm": {
      "version": "1.19.0",
      "resolved": "https://registry.npmjs.org/@marikaner/test-peer-deps-vdm/-/test-peer-deps-vdm-1.19.0.tgz",
      "integrity": "sha512-5h9a0ClfPwPGeDt5kJgTKm7LbL8C69b3mwLNULFwaFpUc5vKjXECNIEdgcKHR6vLIBJr9dfaDkgjrHF4cfK2vg=="
    }
  }
}
